
Microsoft Visual Studio Solution File, Format Version 12.00
# Visual Studio Version 16
VisualStudioVersion = 16.0.30011.22
MinimumVisualStudioVersion = 10.0.40219.1
Project("{FAE04EC0-301F-11D3-BF4B-00C04F79EFBC}") = "Allies.Android", "Allies\Allies.Android\Allies.Android.csproj", "{C2FA2546-68A8-4770-AEE3-647C481072B7}"
EndProject
Project("{FAE04EC0-301F-11D3-BF4B-00C04F79EFBC}") = "Allies.iOS", "Allies\Allies.iOS\Allies.iOS.csproj", "{0696F478-B091-46C6-9E8C-3AB3D999D76E}"
EndProject
Project("{FAE04EC0-301F-11D3-BF4B-00C04F79EFBC}") = "Allies", "Allies\Allies\Allies.csproj", "{C6861C90-3DB2-420B-8078-59828419A74D}"
EndProject
Global
	GlobalSection(SolutionConfigurationPlatforms) = preSolution
		Debug|Any CPU = Debug|Any CPU
		Debug|iPhone = Debug|iPhone
		Debug|iPhoneSimulator = Debug|iPhoneSimulator
		Release|Any CPU = Release|Any CPU
		Release|iPhone = Release|iPhone
		Release|iPhoneSimulator = Release|iPhoneSimulator
	EndGlobalSection
	GlobalSection(ProjectConfigurationPlatforms) = postSolution
		{C2FA2546-68A8-4770-AEE3-647C481072B7}.Debug|Any CPU.ActiveCfg = Debug|Any CPU
		{C2FA2546-68A8-4770-AEE3-647C481072B7}.Debug|Any CPU.Build.0 = Debug|Any CPU
		{C2FA2546-68A8-4770-AEE3-647C481072B7}.Debug|Any CPU.Deploy.0 = Debug|Any CPU
		{C2FA2546-68A8-4770-AEE3-647C481072B7}.Debug|iPhone.ActiveCfg = Debug|Any CPU
		{C2FA2546-68A8-4770-AEE3-647C481072B7}.Debug|iPhone.Build.0 = Debug|Any CPU
		{C2FA2546-68A8-4770-AEE3-647C481072B7}.Debug|iPhone.Deploy.0 = Debug|Any CPU
		{C2FA2546-68A8-4770-AEE3-647C481072B7}.Debug|iPhoneSimulator.ActiveCfg = Debug|Any CPU
		{C2FA2546-68A8-4770-AEE3-647C481072B7}.Debug|iPhoneSimulator.Build.0 = Debug|Any CPU
		{C2FA2546-68A8-4770-AEE3-647C481072B7}.Debug|iPhoneSimulator.Deploy.0 = Debug|Any CPU
		{C2FA2546-68A8-4770-AEE3-647C481072B7}.Release|Any CPU.ActiveCfg = Release|Any CPU
		{C2FA2546-68A8-4770-AEE3-647C481072B7}.Release|Any CPU.Build.0 = Release|Any CPU
		{C2FA2546-68A8-4770-AEE3-647C481072B7}.Release|Any CPU.Deploy.0 = Release|Any CPU
		{C2FA2546-68A8-4770-AEE3-647C481072B7}.Release|iPhone.ActiveCfg = Release|Any CPU
		{C2FA2546-68A8-4770-AEE3-647C481072B7}.Release|iPhone.Build.0 = Release|Any CPU
		{C2FA2546-68A8-4770-AEE3-647C481072B7}.Release|iPhone.Deploy.0 = Release|Any CPU
		{C2FA2546-68A8-4770-AEE3-647C481072B7}.Release|iPhoneSimulator.ActiveCfg = Release|Any CPU
		{C2FA2546-68A8-4770-AEE3-647C481072B7}.Release|iPhoneSimulator.Build.0 = Release|Any CPU
		{C2FA2546-68A8-4770-AEE3-647C481072B7}.Release|iPhoneSimulator.Deploy.0 = Release|Any CPU
		{0696F478-B091-46C6-9E8C-3AB3D999D76E}.Debug|Any CPU.ActiveCfg = Debug|iPhone
		{0696F478-B091-46C6-9E8C-3AB3D999D76E}.Debug|Any CPU.Build.0 = Debug|iPhone
		{0696F478-B091-46C6-9E8C-3AB3D999D76E}.Debug|Any CPU.Deploy.0 = Debug|iPhone
		{0696F478-B091-46C6-9E8C-3AB3D999D76E}.Debug|iPhone.ActiveCfg = Debug|iPhone
		{0696F478-B091-46C6-9E8C-3AB3D999D76E}.Debug|iPhone.Build.0 = Debug|iPhone
		{0696F478-B091-46C6-9E8C-3AB3D999D76E}.Debug|iPhone.Deploy.0 = Debug|iPhone
		{0696F478-B091-46C6-9E8C-3AB3D999D76E}.Debug|iPhoneSimulator.ActiveCfg = Debug|iPhoneSimulator
		{0696F478-B091-46C6-9E8C-3AB3D999D76E}.Debug|iPhoneSimulator.Build.0 = Debug|iPhoneSimulator
		{0696F478-B091-46C6-9E8C-3AB3D999D76E}.Debug|iPhoneSimulator.Deploy.0 = Debug|iPhoneSimulator
		{0696F478-B091-46C6-9E8C-3AB3D999D76E}.Release|Any CPU.ActiveCfg = Release|iPhone
		{0696F478-B091-46C6-9E8C-3AB3D999D76E}.Release|Any CPU.Build.0 = Release|iPhone
		{0696F478-B091-46C6-9E8C-3AB3D999D76E}.Release|Any CPU.Deploy.0 = Release|iPhone
		{0696F478-B091-46C6-9E8C-3AB3D999D76E}.Release|iPhone.ActiveCfg = Release|iPhone
		{0696F478-B091-46C6-9E8C-3AB3D999D76E}.Release|iPhone.Build.0 = Release|iPhone
		{0696F478-B091-46C6-9E8C-3AB3D999D76E}.Release|iPhone.Deploy.0 = Release|iPhone
		{0696F478-B091-46C6-9E8C-3AB3D999D76E}.Release|iPhoneSimulator.ActiveCfg = Release|iPhoneSimulator
		{0696F478-B091-46C6-9E8C-3AB3D999D76E}.Release|iPhoneSimulator.Build.0 = Release|iPhoneSimulator
		{0696F478-B091-46C6-9E8C-3AB3D999D76E}.Release|iPhoneSimulator.Deploy.0 = Release|iPhoneSimulator
		{C6861C90-3DB2-420B-8078-59828419A74D}.Debug|Any CPU.ActiveCfg = Debug|Any CPU
		{C6861C90-3DB2-420B-8078-59828419A74D}.Debug|Any CPU.Build.0 = Debug|Any CPU
		{C6861C90-3DB2-420B-8078-59828419A74D}.Debug|Any CPU.Deploy.0 = Debug|Any CPU
		{C6861C90-3DB2-420B-8078-59828419A74D}.Debug|iPhone.ActiveCfg = Debug|Any CPU
		{C6861C90-3DB2-420B-8078-59828419A74D}.Debug|iPhone.Build.0 = Debug|Any CPU
		{C6861C90-3DB2-420B-8078-59828419A74D}.Debug|iPhone.Deploy.0 = Debug|Any CPU
		{C6861C90-3DB2-420B-8078-59828419A74D}.Debug|iPhoneSimulator.ActiveCfg = Debug|Any CPU
		{C6861C90-3DB2-420B-8078-59828419A74D}.Debug|iPhoneSimulator.Build.0 = Debug|Any CPU
		{C6861C90-3DB2-420B-8078-59828419A74D}.Debug|iPhoneSimulator.Deploy.0 = Debug|Any CPU
		{C6861C90-3DB2-420B-8078-59828419A74D}.Release|Any CPU.ActiveCfg = Release|Any CPU
		{C6861C90-3DB2-420B-8078-59828419A74D}.Release|Any CPU.Build.0 = Release|Any CPU
		{C6861C90-3DB2-420B-8078-59828419A74D}.Release|Any CPU.Deploy.0 = Release|Any CPU
		{C6861C90-3DB2-420B-8078-59828419A74D}.Release|iPhone.ActiveCfg = Release|Any CPU
		{C6861C90-3DB2-420B-8078-59828419A74D}.Release|iPhone.Build.0 = Release|Any CPU
		{C6861C90-3DB2-420B-8078-59828419A74D}.Release|iPhone.Deploy.0 = Release|Any CPU
		{C6861C90-3DB2-420B-8078-59828419A74D}.Release|iPhoneSimulator.ActiveCfg = Release|Any CPU
		{C6861C90-3DB2-420B-8078-59828419A74D}.Release|iPhoneSimulator.Build.0 = Release|Any CPU
		{C6861C90-3DB2-420B-8078-59828419A74D}.Release|iPhoneSimulator.Deploy.0 = Release|Any CPU
	EndGlobalSection
	GlobalSection(SolutionProperties) = preSolution
		HideSolutionNode = FALSE
	EndGlobalSection
	GlobalSection(ExtensibilityGlobals) = postSolution
		SolutionGuid = {BB6D5AE8-C0DB-4494-85A9-278D09BB84D0}
	EndGlobalSection
EndGlobal
